
Microsoft Visual Studio Solution File, Format Version 12.00
Project("{2150E333-8FDC-42A3-9474-1A3956D46DE8}") = "src", "src", "{AF49584E-3D5A-4E02-8F9E-C86A2BF0D118}"
EndProject
Project("{FAE04EC0-301F-11D3-BF4B-00C04F79EFBC}") = "Keymaker.Api", "src\Keymaker.Api\Keymaker.Api.csproj", "{DF84F7C9-9E33-4051-A35D-EF83DC70537E}"
EndProject
Project("{2150E333-8FDC-42A3-9474-1A3956D46DE8}") = "misc", "misc", "{5303111D-B7C1-42F1-BE9D-CC25F08646AB}"
	ProjectSection(SolutionItems) = preProject
		misc\Dockerfile = misc\Dockerfile
		readme.md = readme.md
	EndProjectSection
EndProject
Project("{FAE04EC0-301F-11D3-BF4B-00C04F79EFBC}") = "Keymaker.Service", "src\Keymaker.Service\Keymaker.Service.csproj", "{2876A77A-38C8-4245-A2FC-E55FC9882B5E}"
EndProject
Project("{FAE04EC0-301F-11D3-BF4B-00C04F79EFBC}") = "Keymaker.Model", "src\Keymaker.Model\Keymaker.Model.csproj", "{2E3C07D2-616F-4349-9325-02B9491E0FA0}"
EndProject
Project("{FAE04EC0-301F-11D3-BF4B-00C04F79EFBC}") = "Keymaker.Infra", "src\Keymaker.Infra\Keymaker.Infra.csproj", "{45AD22CC-58B9-4BB5-ACEE-F7C6D09ED503}"
EndProject
Project("{2150E333-8FDC-42A3-9474-1A3956D46DE8}") = "tst", "tst", "{133E760B-46EC-4E44-90CF-A41F3E3F9C60}"
EndProject
Project("{FAE04EC0-301F-11D3-BF4B-00C04F79EFBC}") = "Keymaker.Tests", "tests\Keymaker.Tests\Keymaker.Tests.csproj", "{84EB689D-914A-498F-89A2-72B9B85ACCCA}"
EndProject
Project("{FAE04EC0-301F-11D3-BF4B-00C04F79EFBC}") = "Keymaker.Client", "src\Keymaker.Client\Keymaker.Client.csproj", "{4C402AD6-695A-4A9D-A600-47B5A8D5D43D}"
EndProject
Project("{FAE04EC0-301F-11D3-BF4B-00C04F79EFBC}") = "Keymaker.Dashboard", "src\Keymaker.Dashboard\Keymaker.Dashboard.csproj", "{39F4F6C3-3668-433C-9337-7E6E99B74632}"
EndProject
Global
	GlobalSection(SolutionConfigurationPlatforms) = preSolution
		Debug|Any CPU = Debug|Any CPU
		Release|Any CPU = Release|Any CPU
	EndGlobalSection
	GlobalSection(NestedProjects) = preSolution
		{DF84F7C9-9E33-4051-A35D-EF83DC70537E} = {AF49584E-3D5A-4E02-8F9E-C86A2BF0D118}
		{2876A77A-38C8-4245-A2FC-E55FC9882B5E} = {AF49584E-3D5A-4E02-8F9E-C86A2BF0D118}
		{2E3C07D2-616F-4349-9325-02B9491E0FA0} = {AF49584E-3D5A-4E02-8F9E-C86A2BF0D118}
		{45AD22CC-58B9-4BB5-ACEE-F7C6D09ED503} = {AF49584E-3D5A-4E02-8F9E-C86A2BF0D118}
		{84EB689D-914A-498F-89A2-72B9B85ACCCA} = {133E760B-46EC-4E44-90CF-A41F3E3F9C60}
		{4C402AD6-695A-4A9D-A600-47B5A8D5D43D} = {AF49584E-3D5A-4E02-8F9E-C86A2BF0D118}
		{39F4F6C3-3668-433C-9337-7E6E99B74632} = {AF49584E-3D5A-4E02-8F9E-C86A2BF0D118}
	EndGlobalSection
	GlobalSection(ProjectConfigurationPlatforms) = postSolution
		{DF84F7C9-9E33-4051-A35D-EF83DC70537E}.Debug|Any CPU.ActiveCfg = Debug|Any CPU
		{DF84F7C9-9E33-4051-A35D-EF83DC70537E}.Debug|Any CPU.Build.0 = Debug|Any CPU
		{DF84F7C9-9E33-4051-A35D-EF83DC70537E}.Release|Any CPU.ActiveCfg = Release|Any CPU
		{DF84F7C9-9E33-4051-A35D-EF83DC70537E}.Release|Any CPU.Build.0 = Release|Any CPU
		{2876A77A-38C8-4245-A2FC-E55FC9882B5E}.Debug|Any CPU.ActiveCfg = Debug|Any CPU
		{2876A77A-38C8-4245-A2FC-E55FC9882B5E}.Debug|Any CPU.Build.0 = Debug|Any CPU
		{2876A77A-38C8-4245-A2FC-E55FC9882B5E}.Release|Any CPU.ActiveCfg = Release|Any CPU
		{2876A77A-38C8-4245-A2FC-E55FC9882B5E}.Release|Any CPU.Build.0 = Release|Any CPU
		{2E3C07D2-616F-4349-9325-02B9491E0FA0}.Debug|Any CPU.ActiveCfg = Debug|Any CPU
		{2E3C07D2-616F-4349-9325-02B9491E0FA0}.Debug|Any CPU.Build.0 = Debug|Any CPU
		{2E3C07D2-616F-4349-9325-02B9491E0FA0}.Release|Any CPU.ActiveCfg = Release|Any CPU
		{2E3C07D2-616F-4349-9325-02B9491E0FA0}.Release|Any CPU.Build.0 = Release|Any CPU
		{45AD22CC-58B9-4BB5-ACEE-F7C6D09ED503}.Debug|Any CPU.ActiveCfg = Debug|Any CPU
		{45AD22CC-58B9-4BB5-ACEE-F7C6D09ED503}.Debug|Any CPU.Build.0 = Debug|Any CPU
		{45AD22CC-58B9-4BB5-ACEE-F7C6D09ED503}.Release|Any CPU.ActiveCfg = Release|Any CPU
		{45AD22CC-58B9-4BB5-ACEE-F7C6D09ED503}.Release|Any CPU.Build.0 = Release|Any CPU
		{84EB689D-914A-498F-89A2-72B9B85ACCCA}.Debug|Any CPU.ActiveCfg = Debug|Any CPU
		{84EB689D-914A-498F-89A2-72B9B85ACCCA}.Debug|Any CPU.Build.0 = Debug|Any CPU
		{84EB689D-914A-498F-89A2-72B9B85ACCCA}.Release|Any CPU.ActiveCfg = Release|Any CPU
		{84EB689D-914A-498F-89A2-72B9B85ACCCA}.Release|Any CPU.Build.0 = Release|Any CPU
		{4C402AD6-695A-4A9D-A600-47B5A8D5D43D}.Debug|Any CPU.ActiveCfg = Debug|Any CPU
		{4C402AD6-695A-4A9D-A600-47B5A8D5D43D}.Debug|Any CPU.Build.0 = Debug|Any CPU
		{4C402AD6-695A-4A9D-A600-47B5A8D5D43D}.Release|Any CPU.ActiveCfg = Release|Any CPU
		{4C402AD6-695A-4A9D-A600-47B5A8D5D43D}.Release|Any CPU.Build.0 = Release|Any CPU
		{39F4F6C3-3668-433C-9337-7E6E99B74632}.Debug|Any CPU.ActiveCfg = Debug|Any CPU
		{39F4F6C3-3668-433C-9337-7E6E99B74632}.Debug|Any CPU.Build.0 = Debug|Any CPU
		{39F4F6C3-3668-433C-9337-7E6E99B74632}.Release|Any CPU.ActiveCfg = Release|Any CPU
		{39F4F6C3-3668-433C-9337-7E6E99B74632}.Release|Any CPU.Build.0 = Release|Any CPU
	EndGlobalSection
EndGlobal
